github.com/logrusorgru/aurora v2.0.3+incompatible h1:tOpm7WcpBTn4fjmVfgpQq0EfczGlG91VSDkswnjF5A8=
github.com/logrusorgru/aurora v2.0.3+incompatible/go.mod h1:7rIyQOR62GCctdiQpZ/zOJlFyk6y+94wXzv6RNZgaR4=
github.com/streadway/amqp v1.0.0 h1:kuuDrUJFZL1QYL9hUNuCxNObNzB0bV/ZG5jV3RWAQgo=
github.com/streadway/amqp v1.0.0/go.mod h1:AZpEONHx3DKn8O/DFsRAY58/XVQiIPMTMB1SddzLXVw=
